
Microsoft Visual Studio Solution File, Format Version 10.00
# Visual Studio 2008
Project("{8BC9CEB8-8B4A-11D0-8D11-00A0C91BC942}") = "2018.11.24", "2018.11.24\2018.11.24.vcproj", "{8E8C7EA3-FCE3-4E82-A43C-ECB043FC3C40}"
EndProject
Global
	GlobalSection(SolutionConfigurationPlatforms) = preSolution
		Debug|Win32 = Debug|Win32
		Release|Win32 = Release|Win32
	EndGlobalSection
	GlobalSection(ProjectConfigurationPlatforms) = postSolution
		{8E8C7EA3-FCE3-4E82-A43C-ECB043FC3C40}.Debug|Win32.ActiveCfg = Debug|Win32
		{8E8C7EA3-FCE3-4E82-A43C-ECB043FC3C40}.Debug|Win32.Build.0 = Debug|Win32
		{8E8C7EA3-FCE3-4E82-A43C-ECB043FC3C40}.Release|Win32.ActiveCfg = Release|Win32
		{8E8C7EA3-FCE3-4E82-A43C-ECB043FC3C40}.Release|Win32.Build.0 = Release|Win32
	EndGlobalSection
	GlobalSection(SolutionProperties) = preSolution
		HideSolutionNode = FALSE
	EndGlobalSection
EndGlobal
